
Microsoft Visual Studio Solution File, Format Version 12.00
# Visual Studio Version 17
VisualStudioVersion = 17.3.32922.545
MinimumVisualStudioVersion = 10.0.40219.1
Project("{FAE04EC0-301F-11D3-BF4B-00C04F79EFBC}") = "SchoolTest", "SchoolTest\SchoolTest.csproj", "{2F3EDB46-3B5A-43D5-8CDA-2358A9EA8E77}"
EndProject
Project("{9A19103F-16F7-4668-BE54-9A1E7A4F7556}") = "WebSerCore", "WebSerCore\WebSerCore.csproj", "{2573C7A2-B188-418D-BF97-27FFD224CC2F}"
EndProject
Global
	GlobalSection(SolutionConfigurationPlatforms) = preSolution
		Debug|Any CPU = Debug|Any CPU
		Release|Any CPU = Release|Any CPU
	EndGlobalSection
	GlobalSection(ProjectConfigurationPlatforms) = postSolution
		{2F3EDB46-3B5A-43D5-8CDA-2358A9EA8E77}.Debug|Any CPU.ActiveCfg = Debug|Any CPU
		{2F3EDB46-3B5A-43D5-8CDA-2358A9EA8E77}.Debug|Any CPU.Build.0 = Debug|Any CPU
		{2F3EDB46-3B5A-43D5-8CDA-2358A9EA8E77}.Release|Any CPU.ActiveCfg = Release|Any CPU
		{2F3EDB46-3B5A-43D5-8CDA-2358A9EA8E77}.Release|Any CPU.Build.0 = Release|Any CPU
		{2573C7A2-B188-418D-BF97-27FFD224CC2F}.Debug|Any CPU.ActiveCfg = Debug|Any CPU
		{2573C7A2-B188-418D-BF97-27FFD224CC2F}.Debug|Any CPU.Build.0 = Debug|Any CPU
		{2573C7A2-B188-418D-BF97-27FFD224CC2F}.Release|Any CPU.ActiveCfg = Release|Any CPU
		{2573C7A2-B188-418D-BF97-27FFD224CC2F}.Release|Any CPU.Build.0 = Release|Any CPU
	EndGlobalSection
	GlobalSection(SolutionProperties) = preSolution
		HideSolutionNode = FALSE
	EndGlobalSection
	GlobalSection(ExtensibilityGlobals) = postSolution
		SolutionGuid = {A575DFE8-9CFD-450A-B535-8EB677EC39B9}
	EndGlobalSection
EndGlobal
